// !$*UTF8*$!
{
	archiveVersion = 1;
	classes = {
	};
	objectVersion = 56;
	objects = {

/* Begin PBXBuildFile section */
		1911013D2B923F6800024DC8 /* BundleDecoding.swift in Sources */ = {isa = PBXBuildFile; fileRef = 1911013C2B923F6800024DC8 /* BundleDecoding.swift */; };
		191101432B92418200024DC8 /* Quote.swift in Sources */ = {isa = PBXBuildFile; fileRef = 191101422B92418200024DC8 /* Quote.swift */; };
		191101452B9241F500024DC8 /* MotivationalQuote.swift in Sources */ = {isa = PBXBuildFile; fileRef = 191101442B9241F500024DC8 /* MotivationalQuote.swift */; };
		191101472B9242F100024DC8 /* Pictures.json in Resources */ = {isa = PBXBuildFile; fileRef = 191101462B9242F100024DC8 /* Pictures.json */; };
		191101492B92431500024DC8 /* Quotes.json in Resources */ = {isa = PBXBuildFile; fileRef = 191101482B92431500024DC8 /* Quotes.json */; };
		1945B5B82B8FC6FF0075BFEF /* SwiftUICharts in Frameworks */ = {isa = PBXBuildFile; productRef = 1945B5B72B8FC6FF0075BFEF /* SwiftUICharts */; };
		1979292C2B8C098E008A4A5E /* iReadyApp.swift in Sources */ = {isa = PBXBuildFile; fileRef = 1979292B2B8C098E008A4A5E /* iReadyApp.swift */; };
		1979292E2B8C098E008A4A5E /* ContentView.swift in Sources */ = {isa = PBXBuildFile; fileRef = 1979292D2B8C098E008A4A5E /* ContentView.swift */; };
		197929302B8C098F008A4A5E /* Assets.xcassets in Resources */ = {isa = PBXBuildFile; fileRef = 1979292F2B8C098F008A4A5E /* Assets.xcassets */; };
		197929332B8C098F008A4A5E /* Preview Assets.xcassets in Resources */ = {isa = PBXBuildFile; fileRef = 197929322B8C098F008A4A5E /* Preview Assets.xcassets */; };
		1979293B2B8C0A66008A4A5E /* MainView.swift in Sources */ = {isa = PBXBuildFile; fileRef = 1979293A2B8C0A66008A4A5E /* MainView.swift */; };
		1979293D2B8C0A89008A4A5E /* TaskList.swift in Sources */ = {isa = PBXBuildFile; fileRef = 1979293C2B8C0A89008A4A5E /* TaskList.swift */; };
		1979293F2B8C0AA1008A4A5E /* StatisticsView.swift in Sources */ = {isa = PBXBuildFile; fileRef = 1979293E2B8C0AA1008A4A5E /* StatisticsView.swift */; };
		197929422B8C0B61008A4A5E /* Task.swift in Sources */ = {isa = PBXBuildFile; fileRef = 197929412B8C0B61008A4A5E /* Task.swift */; };
		197929442B8C0B7D008A4A5E /* ProductivityStatistics.swift in Sources */ = {isa = PBXBuildFile; fileRef = 197929432B8C0B7D008A4A5E /* ProductivityStatistics.swift */; };
		197929462B8C0BD5008A4A5E /* MotivationalReminder.swift in Sources */ = {isa = PBXBuildFile; fileRef = 197929452B8C0BD5008A4A5E /* MotivationalReminder.swift */; };
		197929492B8C0C6B008A4A5E /* TaskListViewModel.swift in Sources */ = {isa = PBXBuildFile; fileRef = 197929482B8C0C6B008A4A5E /* TaskListViewModel.swift */; };
		1979294E2B8C0CD7008A4A5E /* TaskManager.swift in Sources */ = {isa = PBXBuildFile; fileRef = 1979294D2B8C0CD7008A4A5E /* TaskManager.swift */; };
		197929502B8C0CF4008A4A5E /* ProductivityManager.swift in Sources */ = {isa = PBXBuildFile; fileRef = 1979294F2B8C0CF4008A4A5E /* ProductivityManager.swift */; };
		197929522B8C0DD2008A4A5E /* MotivationalReminderManager.swift in Sources */ = {isa = PBXBuildFile; fileRef = 197929512B8C0DD2008A4A5E /* MotivationalReminderManager.swift */; };
		197929672B8C1114008A4A5E /* SettingsView.swift in Sources */ = {isa = PBXBuildFile; fileRef = 197929662B8C1114008A4A5E /* SettingsView.swift */; };
		197929692B8C1126008A4A5E /* MotivationalReminderView.swift in Sources */ = {isa = PBXBuildFile; fileRef = 197929682B8C1126008A4A5E /* MotivationalReminderView.swift */; };
		1979296B2B8C113B008A4A5E /* OnboardingView.swift in Sources */ = {isa = PBXBuildFile; fileRef = 1979296A2B8C113B008A4A5E /* OnboardingView.swift */; };
		1979296D2B8C1149008A4A5E /* CompletionView.swift in Sources */ = {isa = PBXBuildFile; fileRef = 1979296C2B8C1149008A4A5E /* CompletionView.swift */; };
		1979296F2B8C115A008A4A5E /* OptionalProgressTrackingView.swift in Sources */ = {isa = PBXBuildFile; fileRef = 1979296E2B8C115A008A4A5E /* OptionalProgressTrackingView.swift */; };
		197929712B8C1185008A4A5E /* MainViewModel.swift in Sources */ = {isa = PBXBuildFile; fileRef = 197929702B8C1185008A4A5E /* MainViewModel.swift */; };
		197929732B8C1197008A4A5E /* SettingsViewModel.swift in Sources */ = {isa = PBXBuildFile; fileRef = 197929722B8C1197008A4A5E /* SettingsViewModel.swift */; };
		197929752B8C11B9008A4A5E /* MotivationalRemindersViewModel.swift in Sources */ = {isa = PBXBuildFile; fileRef = 197929742B8C11B9008A4A5E /* MotivationalRemindersViewModel.swift */; };
		197929772B8C11D0008A4A5E /* OnboardingViewModel.swift in Sources */ = {isa = PBXBuildFile; fileRef = 197929762B8C11D0008A4A5E /* OnboardingViewModel.swift */; };
		197929792B8C11DB008A4A5E /* CompletionViewModel.swift in Sources */ = {isa = PBXBuildFile; fileRef = 197929782B8C11DB008A4A5E /* CompletionViewModel.swift */; };
		1979297B2B8C11F1008A4A5E /* OptionalProgressTrackingViewModel.swift in Sources */ = {isa = PBXBuildFile; fileRef = 1979297A2B8C11F1008A4A5E /* OptionalProgressTrackingViewModel.swift */; };
		1979297D2B8C1234008A4A5E /* UserAuthentication.swift in Sources */ = {isa = PBXBuildFile; fileRef = 1979297C2B8C1234008A4A5E /* UserAuthentication.swift */; };
		1979297F2B8C1256008A4A5E /* Constants.swift in Sources */ = {isa = PBXBuildFile; fileRef = 1979297E2B8C1256008A4A5E /* Constants.swift */; };
		197929812B8C125E008A4A5E /* Helpers.swift in Sources */ = {isa = PBXBuildFile; fileRef = 197929802B8C125E008A4A5E /* Helpers.swift */; };
		19C3C6D42B96605000F200AD /* MainMenu.swift in Sources */ = {isa = PBXBuildFile; fileRef = 19C3C6D32B96605000F200AD /* MainMenu.swift */; };
		19CF28552BA279DC00C14AC9 /* AnalyticsTracker.swift in Sources */ = {isa = PBXBuildFile; fileRef = 19CF28542BA279DC00C14AC9 /* AnalyticsTracker.swift */; };
/* End PBXBuildFile section */

/* Begin PBXFileReference section */
		1911013C2B923F6800024DC8 /* BundleDecoding.swift */ = {isa = PBXFileReference; lastKnownFileType = sourcecode.swift; path = BundleDecoding.swift; sourceTree = "<group>"; };
		191101422B92418200024DC8 /* Quote.swift */ = {isa = PBXFileReference; lastKnownFileType = sourcecode.swift; path = Quote.swift; sourceTree = "<group>"; };
		191101442B9241F500024DC8 /* MotivationalQuote.swift */ = {isa = PBXFileReference; lastKnownFileType = sourcecode.swift; path = MotivationalQuote.swift; sourceTree = "<group>"; };
		191101462B9242F100024DC8 /* Pictures.json */ = {isa = PBXFileReference; lastKnownFileType = text.json; path = Pictures.json; sourceTree = "<group>"; };
		191101482B92431500024DC8 /* Quotes.json */ = {isa = PBXFileReference; lastKnownFileType = text.json; path = Quotes.json; sourceTree = "<group>"; };
		197929282B8C098E008A4A5E /* iReady.app */ = {isa = PBXFileReference; explicitFileType = wrapper.application; includeInIndex = 0; path = iReady.app; sourceTree = BUILT_PRODUCTS_DIR; };
		1979292B2B8C098E008A4A5E /* iReadyApp.swift */ = {isa = PBXFileReference; lastKnownFileType = sourcecode.swift; path = iReadyApp.swift; sourceTree = "<group>"; };
		1979292D2B8C098E008A4A5E /* ContentView.swift */ = {isa = PBXFileReference; lastKnownFileType = sourcecode.swift; path = ContentView.swift; sourceTree = "<group>"; };
		1979292F2B8C098F008A4A5E /* Assets.xcassets */ = {isa = PBXFileReference; lastKnownFileType = folder.assetcatalog; path = Assets.xcassets; sourceTree = "<group>"; };
		197929322B8C098F008A4A5E /* Preview Assets.xcassets */ = {isa = PBXFileReference; lastKnownFileType = folder.assetcatalog; path = "Preview Assets.xcassets"; sourceTree = "<group>"; };
		1979293A2B8C0A66008A4A5E /* MainView.swift */ = {isa = PBXFileReference; lastKnownFileType = sourcecode.swift; path = MainView.swift; sourceTree = "<group>"; };
		1979293C2B8C0A89008A4A5E /* TaskList.swift */ = {isa = PBXFileReference; lastKnownFileType = sourcecode.swift; path = TaskList.swift; sourceTree = "<group>"; };
		1979293E2B8C0AA1008A4A5E /* StatisticsView.swift */ = {isa = PBXFileReference; lastKnownFileType = sourcecode.swift; path = StatisticsView.swift; sourceTree = "<group>"; };
		197929412B8C0B61008A4A5E /* Task.swift */ = {isa = PBXFileReference; lastKnownFileType = sourcecode.swift; path = Task.swift; sourceTree = "<group>"; };
		197929432B8C0B7D008A4A5E /* ProductivityStatistics.swift */ = {isa = PBXFileReference; lastKnownFileType = sourcecode.swift; path = ProductivityStatistics.swift; sourceTree = "<group>"; };
		197929452B8C0BD5008A4A5E /* MotivationalReminder.swift */ = {isa = PBXFileReference; lastKnownFileType = sourcecode.swift; path = MotivationalReminder.swift; sourceTree = "<group>"; };
		197929482B8C0C6B008A4A5E /* TaskListViewModel.swift */ = {isa = PBXFileReference; lastKnownFileType = sourcecode.swift; path = TaskListViewModel.swift; sourceTree = "<group>"; };
		1979294D2B8C0CD7008A4A5E /* TaskManager.swift */ = {isa = PBXFileReference; lastKnownFileType = sourcecode.swift; path = TaskManager.swift; sourceTree = "<group>"; };
		1979294F2B8C0CF4008A4A5E /* ProductivityManager.swift */ = {isa = PBXFileReference; lastKnownFileType = sourcecode.swift; path = ProductivityManager.swift; sourceTree = "<group>"; };
		197929512B8C0DD2008A4A5E /* MotivationalReminderManager.swift */ = {isa = PBXFileReference; lastKnownFileType = sourcecode.swift; path = MotivationalReminderManager.swift; sourceTree = "<group>"; };
		197929662B8C1114008A4A5E /* SettingsView.swift */ = {isa = PBXFileReference; lastKnownFileType = sourcecode.swift; path = SettingsView.swift; sourceTree = "<group>"; };
		197929682B8C1126008A4A5E /* MotivationalReminderView.swift */ = {isa = PBXFileReference; lastKnownFileType = sourcecode.swift; path = MotivationalReminderView.swift; sourceTree = "<group>"; };
		1979296A2B8C113B008A4A5E /* OnboardingView.swift */ = {isa = PBXFileReference; lastKnownFileType = sourcecode.swift; path = OnboardingView.swift; sourceTree = "<group>"; };
		1979296C2B8C1149008A4A5E /* CompletionView.swift */ = {isa = PBXFileReference; lastKnownFileType = sourcecode.swift; path = CompletionView.swift; sourceTree = "<group>"; };
		1979296E2B8C115A008A4A5E /* OptionalProgressTrackingView.swift */ = {isa = PBXFileReference; lastKnownFileType = sourcecode.swift; path = OptionalProgressTrackingView.swift; sourceTree = "<group>"; };
		197929702B8C1185008A4A5E /* MainViewModel.swift */ = {isa = PBXFileReference; lastKnownFileType = sourcecode.swift; path = MainViewModel.swift; sourceTree = "<group>"; };
		197929722B8C1197008A4A5E /* SettingsViewModel.swift */ = {isa = PBXFileReference; lastKnownFileType = sourcecode.swift; path = SettingsViewModel.swift; sourceTree = "<group>"; };
		197929742B8C11B9008A4A5E /* MotivationalRemindersViewModel.swift */ = {isa = PBXFileReference; lastKnownFileType = sourcecode.swift; path = MotivationalRemindersViewModel.swift; sourceTree = "<group>"; };
		197929762B8C11D0008A4A5E /* OnboardingViewModel.swift */ = {isa = PBXFileReference; lastKnownFileType = sourcecode.swift; path = OnboardingViewModel.swift; sourceTree = "<group>"; };
		197929782B8C11DB008A4A5E /* CompletionViewModel.swift */ = {isa = PBXFileReference; lastKnownFileType = sourcecode.swift; path = CompletionViewModel.swift; sourceTree = "<group>"; };
		1979297A2B8C11F1008A4A5E /* OptionalProgressTrackingViewModel.swift */ = {isa = PBXFileReference; lastKnownFileType = sourcecode.swift; path = OptionalProgressTrackingViewModel.swift; sourceTree = "<group>"; };
		1979297C2B8C1234008A4A5E /* UserAuthentication.swift */ = {isa = PBXFileReference; lastKnownFileType = sourcecode.swift; path = UserAuthentication.swift; sourceTree = "<group>"; };
		1979297E2B8C1256008A4A5E /* Constants.swift */ = {isa = PBXFileReference; lastKnownFileType = sourcecode.swift; path = Constants.swift; sourceTree = "<group>"; };
		197929802B8C125E008A4A5E /* Helpers.swift */ = {isa = PBXFileReference; lastKnownFileType = sourcecode.swift; path = Helpers.swift; sourceTree = "<group>"; };
		19C3C6D32B96605000F200AD /* MainMenu.swift */ = {isa = PBXFileReference; lastKnownFileType = sourcecode.swift; path = MainMenu.swift; sourceTree = "<group>"; };
		19CF28542BA279DC00C14AC9 /* AnalyticsTracker.swift */ = {isa = PBXFileReference; lastKnownFileType = sourcecode.swift; path = AnalyticsTracker.swift; sourceTree = "<group>"; };
/* End PBXFileReference section */

/* Begin PBXFrameworksBuildPhase section */
		197929252B8C098E008A4A5E /* Frameworks */ = {
			isa = PBXFrameworksBuildPhase;
			buildActionMask = 2147483647;
			files = (
				1945B5B82B8FC6FF0075BFEF /* SwiftUICharts in Frameworks */,
			);
			runOnlyForDeploymentPostprocessing = 0;
		};
/* End PBXFrameworksBuildPhase section */

/* Begin PBXGroup section */
		1979291F2B8C098E008A4A5E = {
			isa = PBXGroup;
			children = (
				1979292A2B8C098E008A4A5E /* iReady */,
				197929292B8C098E008A4A5E /* Products */,
			);
			sourceTree = "<group>";
		};
		197929292B8C098E008A4A5E /* Products */ = {
			isa = PBXGroup;
			children = (
				197929282B8C098E008A4A5E /* iReady.app */,
			);
			name = Products;
			sourceTree = "<group>";
		};
		1979292A2B8C098E008A4A5E /* iReady */ = {
			isa = PBXGroup;
			children = (
				197929392B8C09AD008A4A5E /* VIews */,
				197929472B8C0BDF008A4A5E /* ViewModels */,
				197929402B8C0AD1008A4A5E /* Models */,
				1979294C2B8C0CA8008A4A5E /* ControllerGroup */,
				197929532B8C0E27008A4A5E /* UtilitiesGroup */,
				1979295F2B8C0EEE008A4A5E /* SupportingFiles */,
				1979292B2B8C098E008A4A5E /* iReadyApp.swift */,
				1979292D2B8C098E008A4A5E /* ContentView.swift */,
				1979292F2B8C098F008A4A5E /* Assets.xcassets */,
				197929312B8C098F008A4A5E /* Preview Content */,
			);
			path = iReady;
			sourceTree = "<group>";
		};
		197929312B8C098F008A4A5E /* Preview Content */ = {
			isa = PBXGroup;
			children = (
				197929322B8C098F008A4A5E /* Preview Assets.xcassets */,
			);
			path = "Preview Content";
			sourceTree = "<group>";
		};
		197929392B8C09AD008A4A5E /* VIews */ = {
			isa = PBXGroup;
			children = (
				1979293A2B8C0A66008A4A5E /* MainView.swift */,
				1979293C2B8C0A89008A4A5E /* TaskList.swift */,
				1979293E2B8C0AA1008A4A5E /* StatisticsView.swift */,
				197929662B8C1114008A4A5E /* SettingsView.swift */,
				197929682B8C1126008A4A5E /* MotivationalReminderView.swift */,
				1979296A2B8C113B008A4A5E /* OnboardingView.swift */,
				1979296C2B8C1149008A4A5E /* CompletionView.swift */,
				1979296E2B8C115A008A4A5E /* OptionalProgressTrackingView.swift */,
				191101442B9241F500024DC8 /* MotivationalQuote.swift */,
				19C3C6D32B96605000F200AD /* MainMenu.swift */,
			);
			path = VIews;
			sourceTree = "<group>";
		};
		197929402B8C0AD1008A4A5E /* Models */ = {
			isa = PBXGroup;
			children = (
				197929412B8C0B61008A4A5E /* Task.swift */,
				197929432B8C0B7D008A4A5E /* ProductivityStatistics.swift */,
				197929452B8C0BD5008A4A5E /* MotivationalReminder.swift */,
				1911013C2B923F6800024DC8 /* BundleDecoding.swift */,
				191101422B92418200024DC8 /* Quote.swift */,
				19CF28542BA279DC00C14AC9 /* AnalyticsTracker.swift */,
			);
			path = Models;
			sourceTree = "<group>";
		};
		197929472B8C0BDF008A4A5E /* ViewModels */ = {
			isa = PBXGroup;
			children = (
				197929702B8C1185008A4A5E /* MainViewModel.swift */,
				197929482B8C0C6B008A4A5E /* TaskListViewModel.swift */,
				197929722B8C1197008A4A5E /* SettingsViewModel.swift */,
				197929742B8C11B9008A4A5E /* MotivationalRemindersViewModel.swift */,
				197929762B8C11D0008A4A5E /* OnboardingViewModel.swift */,
				197929782B8C11DB008A4A5E /* CompletionViewModel.swift */,
				1979297A2B8C11F1008A4A5E /* OptionalProgressTrackingViewModel.swift */,
			);
			path = ViewModels;
			sourceTree = "<group>";
		};
		1979294C2B8C0CA8008A4A5E /* ControllerGroup */ = {
			isa = PBXGroup;
			children = (
				1979294D2B8C0CD7008A4A5E /* TaskManager.swift */,
				197929512B8C0DD2008A4A5E /* MotivationalReminderManager.swift */,
				1979294F2B8C0CF4008A4A5E /* ProductivityManager.swift */,
				1979297C2B8C1234008A4A5E /* UserAuthentication.swift */,
			);
			path = ControllerGroup;
			sourceTree = "<group>";
		};
		197929532B8C0E27008A4A5E /* UtilitiesGroup */ = {
			isa = PBXGroup;
			children = (
				1979297E2B8C1256008A4A5E /* Constants.swift */,
				197929802B8C125E008A4A5E /* Helpers.swift */,
			);
			path = UtilitiesGroup;
			sourceTree = "<group>";
		};
		1979295F2B8C0EEE008A4A5E /* SupportingFiles */ = {
			isa = PBXGroup;
			children = (
				191101462B9242F100024DC8 /* Pictures.json */,
				191101482B92431500024DC8 /* Quotes.json */,
			);
			path = SupportingFiles;
			sourceTree = "<group>";
		};
/* End PBXGroup section */

/* Begin PBXNativeTarget section */
		197929272B8C098E008A4A5E /* iReady */ = {
			isa = PBXNativeTarget;
			buildConfigurationList = 197929362B8C098F008A4A5E /* Build configuration list for PBXNativeTarget "iReady" */;
			buildPhases = (
				197929242B8C098E008A4A5E /* Sources */,
				197929252B8C098E008A4A5E /* Frameworks */,
				197929262B8C098E008A4A5E /* Resources */,
			);
			buildRules = (
			);
			dependencies = (
			);
			name = iReady;
			packageProductDependencies = (
				1945B5B72B8FC6FF0075BFEF /* SwiftUICharts */,
			);
			productName = iReady;
			productReference = 197929282B8C098E008A4A5E /* iReady.app */;
			productType = "com.apple.product-type.application";
		};
/* End PBXNativeTarget section */

/* Begin PBXProject section */
		197929202B8C098E008A4A5E /* Project object */ = {
			isa = PBXProject;
			attributes = {
				BuildIndependentTargetsInParallel = 1;
				LastSwiftUpdateCheck = 1520;
				LastUpgradeCheck = 1520;
				TargetAttributes = {
					197929272B8C098E008A4A5E = {
						CreatedOnToolsVersion = 15.2;
					};
				};
			};
			buildConfigurationList = 197929232B8C098E008A4A5E /* Build configuration list for PBXProject "iReady" */;
			compatibilityVersion = "Xcode 14.0";
			developmentRegion = en;
			hasScannedForEncodings = 0;
			knownRegions = (
				en,
				Base,
			);
			mainGroup = 1979291F2B8C098E008A4A5E;
			packageReferences = (
				1945B5B62B8FC6FF0075BFEF /* XCRemoteSwiftPackageReference "SwiftUICharts" */,
			);
			productRefGroup = 197929292B8C098E008A4A5E /* Products */;
			projectDirPath = "";
			projectRoot = "";
			targets = (
				197929272B8C098E008A4A5E /* iReady */,
			);
		};
/* End PBXProject section */

/* Begin PBXResourcesBuildPhase section */
		197929262B8C098E008A4A5E /* Resources */ = {
			isa = PBXResourcesBuildPhase;
			buildActionMask = 2147483647;
			files = (
				191101492B92431500024DC8 /* Quotes.json in Resources */,
				191101472B9242F100024DC8 /* Pictures.json in Resources */,
				197929332B8C098F008A4A5E /* Preview Assets.xcassets in Resources */,
				197929302B8C098F008A4A5E /* Assets.xcassets in Resources */,
			);
			runOnlyForDeploymentPostprocessing = 0;
		};
/* End PBXResourcesBuildPhase section */

/* Begin PBXSourcesBuildPhase section */
		197929242B8C098E008A4A5E /* Sources */ = {
			isa = PBXSourcesBuildPhase;
			buildActionMask = 2147483647;
			files = (
				191101452B9241F500024DC8 /* MotivationalQuote.swift in Sources */,
				1979296D2B8C1149008A4A5E /* CompletionView.swift in Sources */,
				1979293D2B8C0A89008A4A5E /* TaskList.swift in Sources */,
				19C3C6D42B96605000F200AD /* MainMenu.swift in Sources */,
				197929502B8C0CF4008A4A5E /* ProductivityManager.swift in Sources */,
				197929672B8C1114008A4A5E /* SettingsView.swift in Sources */,
				197929442B8C0B7D008A4A5E /* ProductivityStatistics.swift in Sources */,
				197929462B8C0BD5008A4A5E /* MotivationalReminder.swift in Sources */,
				1979294E2B8C0CD7008A4A5E /* TaskManager.swift in Sources */,
				197929752B8C11B9008A4A5E /* MotivationalRemindersViewModel.swift in Sources */,
				197929812B8C125E008A4A5E /* Helpers.swift in Sources */,
				197929692B8C1126008A4A5E /* MotivationalReminderView.swift in Sources */,
				1979293F2B8C0AA1008A4A5E /* StatisticsView.swift in Sources */,
				1911013D2B923F6800024DC8 /* BundleDecoding.swift in Sources */,
				1979297F2B8C1256008A4A5E /* Constants.swift in Sources */,
				1979292E2B8C098E008A4A5E /* ContentView.swift in Sources */,
				1979296B2B8C113B008A4A5E /* OnboardingView.swift in Sources */,
				1979297B2B8C11F1008A4A5E /* OptionalProgressTrackingViewModel.swift in Sources */,
				197929492B8C0C6B008A4A5E /* TaskListViewModel.swift in Sources */,
				191101432B92418200024DC8 /* Quote.swift in Sources */,
				1979297D2B8C1234008A4A5E /* UserAuthentication.swift in Sources */,
				1979293B2B8C0A66008A4A5E /* MainView.swift in Sources */,
				197929422B8C0B61008A4A5E /* Task.swift in Sources */,
				197929772B8C11D0008A4A5E /* OnboardingViewModel.swift in Sources */,
				1979296F2B8C115A008A4A5E /* OptionalProgressTrackingView.swift in Sources */,
				1979292C2B8C098E008A4A5E /* iReadyApp.swift in Sources */,
				197929712B8C1185008A4A5E /* MainViewModel.swift in Sources */,
				197929792B8C11DB008A4A5E /* CompletionViewModel.swift in Sources */,
				197929522B8C0DD2008A4A5E /* MotivationalReminderManager.swift in Sources */,
				19CF28552BA279DC00C14AC9 /* AnalyticsTracker.swift in Sources */,
				197929732B8C1197008A4A5E /* SettingsViewModel.swift in Sources */,
			);
			runOnlyForDeploymentPostprocessing = 0;
		};
/* End PBXSourcesBuildPhase section */

/* Begin XCBuildConfiguration section */
		197929342B8C098F008A4A5E /* Debug */ = {
			isa = XCBuildConfiguration;
			buildSettings = {
				ALWAYS_SEARCH_USER_PATHS = NO;
				ASSETCATALOG_COMPILER_GENERATE_SWIFT_ASSET_SYMBOL_EXTENSIONS = YES;
				CLANG_ANALYZER_NONNULL = YES;
				CLANG_ANALYZER_NUMBER_OBJECT_CONVERSION = YES_AGGRESSIVE;
				CLANG_CXX_LANGUAGE_STANDARD = "gnu++20";
				CLANG_ENABLE_MODULES = YES;
				CLANG_ENABLE_OBJC_ARC = YES;
				CLANG_ENABLE_OBJC_WEAK = YES;
				CLANG_WARN_BLOCK_CAPTURE_AUTORELEASING = YES;
				CLANG_WARN_BOOL_CONVERSION = YES;
				CLANG_WARN_COMMA = YES;
				CLANG_WARN_CONSTANT_CONVERSION = YES;
				CLANG_WARN_DEPRECATED_OBJC_IMPLEMENTATIONS = YES;
				CLANG_WARN_DIRECT_OBJC_ISA_USAGE = YES_ERROR;
				CLANG_WARN_DOCUMENTATION_COMMENTS = YES;
				CLANG_WARN_EMPTY_BODY = YES;
				CLANG_WARN_ENUM_CONVERSION = YES;
				CLANG_WARN_INFINITE_RECURSION = YES;
				CLANG_WARN_INT_CONVERSION = YES;
				CLANG_WARN_NON_LITERAL_NULL_CONVERSION = YES;
				CLANG_WARN_OBJC_IMPLICIT_RETAIN_SELF = YES;
				CLANG_WARN_OBJC_LITERAL_CONVERSION = YES;
				CLANG_WARN_OBJC_ROOT_CLASS = YES_ERROR;
				CLANG_WARN_QUOTED_INCLUDE_IN_FRAMEWORK_HEADER = YES;
				CLANG_WARN_RANGE_LOOP_ANALYSIS = YES;
				CLANG_WARN_STRICT_PROTOTYPES = YES;
				CLANG_WARN_SUSPICIOUS_MOVE = YES;
				CLANG_WARN_UNGUARDED_AVAILABILITY = YES_AGGRESSIVE;
				CLANG_WARN_UNREACHABLE_CODE = YES;
				CLANG_WARN__DUPLICATE_METHOD_MATCH = YES;
				COPY_PHASE_STRIP = NO;
				DEBUG_INFORMATION_FORMAT = dwarf;
				ENABLE_STRICT_OBJC_MSGSEND = YES;
				ENABLE_TESTABILITY = YES;
				ENABLE_USER_SCRIPT_SANDBOXING = YES;
				GCC_C_LANGUAGE_STANDARD = gnu17;
				GCC_DYNAMIC_NO_PIC = NO;
				GCC_NO_COMMON_BLOCKS = YES;
				GCC_OPTIMIZATION_LEVEL = 0;
				GCC_PREPROCESSOR_DEFINITIONS = (
					"DEBUG=1",
					"$(inherited)",
				);
				GCC_WARN_64_TO_32_BIT_CONVERSION = YES;
				GCC_WARN_ABOUT_RETURN_TYPE = YES_ERROR;
				GCC_WARN_UNDECLARED_SELECTOR = YES;
				GCC_WARN_UNINITIALIZED_AUTOS = YES_AGGRESSIVE;
				GCC_WARN_UNUSED_FUNCTION = YES;
				GCC_WARN_UNUSED_VARIABLE = YES;
				IPHONEOS_DEPLOYMENT_TARGET = 17.2;
				LOCALIZATION_PREFERS_STRING_CATALOGS = YES;
				MTL_ENABLE_DEBUG_INFO = INCLUDE_SOURCE;
				MTL_FAST_MATH = YES;
				ONLY_ACTIVE_ARCH = YES;
				SDKROOT = iphoneos;
				SWIFT_ACTIVE_COMPILATION_CONDITIONS = "DEBUG $(inherited)";
				SWIFT_OPTIMIZATION_LEVEL = "-Onone";
			};
			name = Debug;
		};
		197929352B8C098F008A4A5E /* Release */ = {
			isa = XCBuildConfiguration;
			buildSettings = {
				ALWAYS_SEARCH_USER_PATHS = NO;
				ASSETCATALOG_COMPILER_GENERATE_SWIFT_ASSET_SYMBOL_EXTENSIONS = YES;
				CLANG_ANALYZER_NONNULL = YES;
				CLANG_ANALYZER_NUMBER_OBJECT_CONVERSION = YES_AGGRESSIVE;
				CLANG_CXX_LANGUAGE_STANDARD = "gnu++20";
				CLANG_ENABLE_MODULES = YES;
				CLANG_ENABLE_OBJC_ARC = YES;
				CLANG_ENABLE_OBJC_WEAK = YES;
				CLANG_WARN_BLOCK_CAPTURE_AUTORELEASING = YES;
				CLANG_WARN_BOOL_CONVERSION = YES;
				CLANG_WARN_COMMA = YES;
				CLANG_WARN_CONSTANT_CONVERSION = YES;
				CLANG_WARN_DEPRECATED_OBJC_IMPLEMENTATIONS = YES;
				CLANG_WARN_DIRECT_OBJC_ISA_USAGE = YES_ERROR;
				CLANG_WARN_DOCUMENTATION_COMMENTS = YES;
				CLANG_WARN_EMPTY_BODY = YES;
				CLANG_WARN_ENUM_CONVERSION = YES;
				CLANG_WARN_INFINITE_RECURSION = YES;
				CLANG_WARN_INT_CONVERSION = YES;
				CLANG_WARN_NON_LITERAL_NULL_CONVERSION = YES;
				CLANG_WARN_OBJC_IMPLICIT_RETAIN_SELF = YES;
				CLANG_WARN_OBJC_LITERAL_CONVERSION = YES;
				CLANG_WARN_OBJC_ROOT_CLASS = YES_ERROR;
				CLANG_WARN_QUOTED_INCLUDE_IN_FRAMEWORK_HEADER = YES;
				CLANG_WARN_RANGE_LOOP_ANALYSIS = YES;
				CLANG_WARN_STRICT_PROTOTYPES = YES;
				CLANG_WARN_SUSPICIOUS_MOVE = YES;
				CLANG_WARN_UNGUARDED_AVAILABILITY = YES_AGGRESSIVE;
				CLANG_WARN_UNREACHABLE_CODE = YES;
				CLANG_WARN__DUPLICATE_METHOD_MATCH = YES;
				COPY_PHASE_STRIP = NO;
				DEBUG_INFORMATION_FORMAT = "dwarf-with-dsym";
				ENABLE_NS_ASSERTIONS = NO;
				ENABLE_STRICT_OBJC_MSGSEND = YES;
				ENABLE_USER_SCRIPT_SANDBOXING = YES;
				GCC_C_LANGUAGE_STANDARD = gnu17;
				GCC_NO_COMMON_BLOCKS = YES;
				GCC_WARN_64_TO_32_BIT_CONVERSION = YES;
				GCC_WARN_ABOUT_RETURN_TYPE = YES_ERROR;
				GCC_WARN_UNDECLARED_SELECTOR = YES;
				GCC_WARN_UNINITIALIZED_AUTOS = YES_AGGRESSIVE;
				GCC_WARN_UNUSED_FUNCTION = YES;
				GCC_WARN_UNUSED_VARIABLE = YES;
				IPHONEOS_DEPLOYMENT_TARGET = 17.2;
				LOCALIZATION_PREFERS_STRING_CATALOGS = YES;
				MTL_ENABLE_DEBUG_INFO = NO;
				MTL_FAST_MATH = YES;
				SDKROOT = iphoneos;
				SWIFT_COMPILATION_MODE = wholemodule;
				VALIDATE_PRODUCT = YES;
			};
			name = Release;
		};
		197929372B8C098F008A4A5E /* Debug */ = {
			isa = XCBuildConfiguration;
			buildSettings = {
				ASSETCATALOG_COMPILER_APPICON_NAME = AppIcon;
				ASSETCATALOG_COMPILER_GLOBAL_ACCENT_COLOR_NAME = AccentColor;
				CODE_SIGN_STYLE = Automatic;
				CURRENT_PROJECT_VERSION = 1;
				DEVELOPMENT_ASSET_PATHS = "\"iReady/Preview Content\"";
				DEVELOPMENT_TEAM = V5B2BM9PY8;
				ENABLE_PREVIEWS = YES;
				GENERATE_INFOPLIST_FILE = YES;
				INFOPLIST_KEY_UIApplicationSceneManifest_Generation = YES;
				INFOPLIST_KEY_UIApplicationSupportsIndirectInputEvents = YES;
				INFOPLIST_KEY_UILaunchScreen_Generation = YES;
				INFOPLIST_KEY_UISupportedInterfaceOrientations_iPad = "UIInterfaceOrientationPortrait UIInterfaceOrientationPortraitUpsideDown UIInterfaceOrientationLandscapeLeft UIInterfaceOrientationLandscapeRight";
				INFOPLIST_KEY_UISupportedInterfaceOrientations_iPhone = "UIInterfaceOrientationPortrait UIInterfaceOrientationLandscapeLeft UIInterfaceOrientationLandscapeRight";
				IPHONEOS_DEPLOYMENT_TARGET = 16.0;
				LD_RUNPATH_SEARCH_PATHS = (
					"$(inherited)",
					"@executable_path/Frameworks",
				);
				MARKETING_VERSION = 1.0;
				PRODUCT_BUNDLE_IDENTIFIER = "com.github-Z00K00.iReady";
				PRODUCT_NAME = "$(TARGET_NAME)";
				SUPPORTED_PLATFORMS = "iphoneos iphonesimulator";
				SUPPORTS_MACCATALYST = NO;
				SUPPORTS_MAC_DESIGNED_FOR_IPHONE_IPAD = NO;
				SUPPORTS_XR_DESIGNED_FOR_IPHONE_IPAD = NO;
				SWIFT_EMIT_LOC_STRINGS = YES;
				SWIFT_VERSION = 5.0;
				TARGETED_DEVICE_FAMILY = "1,2";
			};
			name = Debug;
		};
		197929382B8C098F008A4A5E /* Release */ = {
			isa = XCBuildConfiguration;
			buildSettings = {
				ASSETCATALOG_COMPILER_APPICON_NAME = AppIcon;
				ASSETCATALOG_COMPILER_GLOBAL_ACCENT_COLOR_NAME = AccentColor;
				CODE_SIGN_STYLE = Automatic;
				CURRENT_PROJECT_VERSION = 1;
				DEVELOPMENT_ASSET_PATHS = "\"iReady/Preview Content\"";
				DEVELOPMENT_TEAM = V5B2BM9PY8;
				ENABLE_PREVIEWS = YES;
				GENERATE_INFOPLIST_FILE = YES;
				INFOPLIST_KEY_UIApplicationSceneManifest_Generation = YES;
				INFOPLIST_KEY_UIApplicationSupportsIndirectInputEvents = YES;
				INFOPLIST_KEY_UILaunchScreen_Generation = YES;
				INFOPLIST_KEY_UISupportedInterfaceOrientations_iPad = "UIInterfaceOrientationPortrait UIInterfaceOrientationPortraitUpsideDown UIInterfaceOrientationLandscapeLeft UIInterfaceOrientationLandscapeRight";
				INFOPLIST_KEY_UISupportedInterfaceOrientations_iPhone = "UIInterfaceOrientationPortrait UIInterfaceOrientationLandscapeLeft UIInterfaceOrientationLandscapeRight";
				IPHONEOS_DEPLOYMENT_TARGET = 16.0;
				LD_RUNPATH_SEARCH_PATHS = (
					"$(inherited)",
					"@executable_path/Frameworks",
				);
				MARKETING_VERSION = 1.0;
				PRODUCT_BUNDLE_IDENTIFIER = "com.github-Z00K00.iReady";
				PRODUCT_NAME = "$(TARGET_NAME)";
				SUPPORTED_PLATFORMS = "iphoneos iphonesimulator";
				SUPPORTS_MACCATALYST = NO;
				SUPPORTS_MAC_DESIGNED_FOR_IPHONE_IPAD = NO;
				SUPPORTS_XR_DESIGNED_FOR_IPHONE_IPAD = NO;
				SWIFT_EMIT_LOC_STRINGS = YES;
				SWIFT_VERSION = 5.0;
				TARGETED_DEVICE_FAMILY = "1,2";
			};
			name = Release;
		};
/* End XCBuildConfiguration section */

/* Begin XCConfigurationList section */
		197929232B8C098E008A4A5E /* Build configuration list for PBXProject "iReady" */ = {
			isa = XCConfigurationList;
			buildConfigurations = (
				197929342B8C098F008A4A5E /* Debug */,
				197929352B8C098F008A4A5E /* Release */,
			);
			defaultConfigurationIsVisible = 0;
			defaultConfigurationName = Release;
		};
		197929362B8C098F008A4A5E /* Build configuration list for PBXNativeTarget "iReady" */ = {
			isa = XCConfigurationList;
			buildConfigurations = (
				197929372B8C098F008A4A5E /* Debug */,
				197929382B8C098F008A4A5E /* Release */,
			);
			defaultConfigurationIsVisible = 0;
			defaultConfigurationName = Release;
		};
/* End XCConfigurationList section */

/* Begin XCRemoteSwiftPackageReference section */
		1945B5B62B8FC6FF0075BFEF /* XCRemoteSwiftPackageReference "SwiftUICharts" */ = {
			isa = XCRemoteSwiftPackageReference;
			repositoryURL = "https://github.com/willdale/SwiftUICharts";
			requirement = {
				kind = upToNextMajorVersion;
				minimumVersion = 2.10.2;
			};
		};
/* End XCRemoteSwiftPackageReference section */

/* Begin XCSwiftPackageProductDependency section */
		1945B5B72B8FC6FF0075BFEF /* SwiftUICharts */ = {
			isa = XCSwiftPackageProductDependency;
			package = 1945B5B62B8FC6FF0075BFEF /* XCRemoteSwiftPackageReference "SwiftUICharts" */;
			productName = SwiftUICharts;
		};
/* End XCSwiftPackageProductDependency section */
	};
	rootObject = 197929202B8C098E008A4A5E /* Project object */;
}
